// !$*UTF8*$!
{
	archiveVersion = 1;
	classes = {
	};
	objectVersion = 56;
	objects = {

/* Begin PBXBuildFile section */
		935EE722FB49C17D2F2F1C58 /* Pods_UpaxTest.framework in Frameworks */ = {isa = PBXBuildFile; fileRef = AB4CDF64D7CD38B9465B3762 /* Pods_UpaxTest.framework */; };
		B804FF5F296A917E00EAF3E6 /* FirebaseManager.swift in Sources */ = {isa = PBXBuildFile; fileRef = B804FF5E296A917E00EAF3E6 /* FirebaseManager.swift */; };
		B804FF61296AA6B600EAF3E6 /* GoogleService-Info.plist in Resources */ = {isa = PBXBuildFile; fileRef = B804FF60296AA6B600EAF3E6 /* GoogleService-Info.plist */; };
		B804FF64296AA92E00EAF3E6 /* NetworkResult.swift in Sources */ = {isa = PBXBuildFile; fileRef = B804FF63296AA92E00EAF3E6 /* NetworkResult.swift */; };
		B804FF67296AAFF300EAF3E6 /* UIViewController+AlertController.swift in Sources */ = {isa = PBXBuildFile; fileRef = B804FF66296AAFF300EAF3E6 /* UIViewController+AlertController.swift */; };
		B804FF6A296AB9CB00EAF3E6 /* RegisterRouter.swift in Sources */ = {isa = PBXBuildFile; fileRef = B804FF69296AB9CB00EAF3E6 /* RegisterRouter.swift */; };
		B804FF6C296ABA5600EAF3E6 /* HomeView.swift in Sources */ = {isa = PBXBuildFile; fileRef = B804FF6B296ABA5600EAF3E6 /* HomeView.swift */; };
		B804FF6E296ABAC500EAF3E6 /* RegisterInteractor.swift in Sources */ = {isa = PBXBuildFile; fileRef = B804FF6D296ABAC500EAF3E6 /* RegisterInteractor.swift */; };
		B804FF70296ABBCA00EAF3E6 /* RegisterPresenter.swift in Sources */ = {isa = PBXBuildFile; fileRef = B804FF6F296ABBCA00EAF3E6 /* RegisterPresenter.swift */; };
		B804FF72296ABC8500EAF3E6 /* RegisterView.swift in Sources */ = {isa = PBXBuildFile; fileRef = B804FF71296ABC8500EAF3E6 /* RegisterView.swift */; };
		B804FF95296B3A8700EAF3E6 /* ImagePicker.swift in Sources */ = {isa = PBXBuildFile; fileRef = B804FF94296B3A8700EAF3E6 /* ImagePicker.swift */; };
		B804FF97296B3B1F00EAF3E6 /* ImagePickerExtensions.swift in Sources */ = {isa = PBXBuildFile; fileRef = B804FF96296B3B1F00EAF3E6 /* ImagePickerExtensions.swift */; };
		B804FF99296B3B9C00EAF3E6 /* ImagePickerDelegate.swift in Sources */ = {isa = PBXBuildFile; fileRef = B804FF98296B3B9C00EAF3E6 /* ImagePickerDelegate.swift */; };
		B804FF9B296B4CDF00EAF3E6 /* Profile.swift in Sources */ = {isa = PBXBuildFile; fileRef = B804FF9A296B4CDF00EAF3E6 /* Profile.swift */; };
		B804FF9E296B539F00EAF3E6 /* Defaults.swift in Sources */ = {isa = PBXBuildFile; fileRef = B804FF9D296B539F00EAF3E6 /* Defaults.swift */; };
		B804FFA2296B641400EAF3E6 /* SplashRouter.swift in Sources */ = {isa = PBXBuildFile; fileRef = B804FFA1296B641400EAF3E6 /* SplashRouter.swift */; };
		B804FFA4296B649800EAF3E6 /* SplashPresenter.swift in Sources */ = {isa = PBXBuildFile; fileRef = B804FFA3296B649800EAF3E6 /* SplashPresenter.swift */; };
		B804FFA6296B64C100EAF3E6 /* SplashView.swift in Sources */ = {isa = PBXBuildFile; fileRef = B804FFA5296B64C100EAF3E6 /* SplashView.swift */; };
		B804FFAB296B6D1100EAF3E6 /* TabBarRouter.swift in Sources */ = {isa = PBXBuildFile; fileRef = B804FFAA296B6D1100EAF3E6 /* TabBarRouter.swift */; };
		B804FFAD296B6D8600EAF3E6 /* TabBarPresenter.swift in Sources */ = {isa = PBXBuildFile; fileRef = B804FFAC296B6D8600EAF3E6 /* TabBarPresenter.swift */; };
		B804FFAF296B6E6500EAF3E6 /* TabBarView.swift in Sources */ = {isa = PBXBuildFile; fileRef = B804FFAE296B6E6500EAF3E6 /* TabBarView.swift */; };
		B8378637296B93AF008D628F /* UIView+Extensions.swift in Sources */ = {isa = PBXBuildFile; fileRef = B8378636296B93AF008D628F /* UIView+Extensions.swift */; };
		B837863A296B9591008D628F /* HomeRouter.swift in Sources */ = {isa = PBXBuildFile; fileRef = B8378639296B9591008D628F /* HomeRouter.swift */; };
		B837863C296B95E0008D628F /* HomeInteractor.swift in Sources */ = {isa = PBXBuildFile; fileRef = B837863B296B95E0008D628F /* HomeInteractor.swift */; };
		B837863E296B965D008D628F /* HomePresenter.swift in Sources */ = {isa = PBXBuildFile; fileRef = B837863D296B965D008D628F /* HomePresenter.swift */; };
		B8378640296B981F008D628F /* NetworkRouter.swift in Sources */ = {isa = PBXBuildFile; fileRef = B837863F296B981F008D628F /* NetworkRouter.swift */; };
		B8378642296B98FF008D628F /* NetworkManager.swift in Sources */ = {isa = PBXBuildFile; fileRef = B8378641296B98FF008D628F /* NetworkManager.swift */; };
		B8378647296BA591008D628F /* ProductResponse.swift in Sources */ = {isa = PBXBuildFile; fileRef = B8378646296BA591008D628F /* ProductResponse.swift */; };
		B837864A296BAAEE008D628F /* ProductCell.swift in Sources */ = {isa = PBXBuildFile; fileRef = B8378649296BAAEE008D628F /* ProductCell.swift */; };
		B837864E296C010F008D628F /* InboxRouter.swift in Sources */ = {isa = PBXBuildFile; fileRef = B837864D296C010F008D628F /* InboxRouter.swift */; };
		B8378650296C018A008D628F /* InboxInteractor.swift in Sources */ = {isa = PBXBuildFile; fileRef = B837864F296C018A008D628F /* InboxInteractor.swift */; };
		B8378652296C0203008D628F /* InboxPresenter.swift in Sources */ = {isa = PBXBuildFile; fileRef = B8378651296C0203008D628F /* InboxPresenter.swift */; };
		B8378654296C026B008D628F /* InboxView.swift in Sources */ = {isa = PBXBuildFile; fileRef = B8378653296C026B008D628F /* InboxView.swift */; };
		B8378657296C04D3008D628F /* CommentResponse.swift in Sources */ = {isa = PBXBuildFile; fileRef = B8378656296C04D3008D628F /* CommentResponse.swift */; };
		B837865A296C06A6008D628F /* CommentCell.swift in Sources */ = {isa = PBXBuildFile; fileRef = B8378659296C06A6008D628F /* CommentCell.swift */; };
		B8381A90296A44C60037B565 /* LoginRouter.swift in Sources */ = {isa = PBXBuildFile; fileRef = B8381A8F296A44C60037B565 /* LoginRouter.swift */; };
		B876D9CC296A134000405D42 /* AppDelegate.swift in Sources */ = {isa = PBXBuildFile; fileRef = B876D9CB296A134000405D42 /* AppDelegate.swift */; };
		B876D9D5296A134200405D42 /* Assets.xcassets in Resources */ = {isa = PBXBuildFile; fileRef = B876D9D4296A134200405D42 /* Assets.xcassets */; };
		B876D9D8296A134200405D42 /* LaunchScreen.storyboard in Resources */ = {isa = PBXBuildFile; fileRef = B876D9D6296A134200405D42 /* LaunchScreen.storyboard */; };
		B89C8870296A50DA002240C5 /* LoginPresenter.swift in Sources */ = {isa = PBXBuildFile; fileRef = B89C886F296A50DA002240C5 /* LoginPresenter.swift */; };
		B89C8872296A50F2002240C5 /* LoginInteractor.swift in Sources */ = {isa = PBXBuildFile; fileRef = B89C8871296A50F2002240C5 /* LoginInteractor.swift */; };
		B89C8879296A52D9002240C5 /* LoginView.swift in Sources */ = {isa = PBXBuildFile; fileRef = B89C8878296A52D9002240C5 /* LoginView.swift */; };
		B89C887D296A5A10002240C5 /* Content.swift in Sources */ = {isa = PBXBuildFile; fileRef = B89C887C296A5A10002240C5 /* Content.swift */; };
		B89C887F296A5AA5002240C5 /* ImageCatalog.swift in Sources */ = {isa = PBXBuildFile; fileRef = B89C887E296A5AA5002240C5 /* ImageCatalog.swift */; };
		B89C8881296A5AC5002240C5 /* ColorCatalog.swift in Sources */ = {isa = PBXBuildFile; fileRef = B89C8880296A5AC5002240C5 /* ColorCatalog.swift */; };
		B89C8883296A5AFA002240C5 /* CustomTextField.swift in Sources */ = {isa = PBXBuildFile; fileRef = B89C8882296A5AFA002240C5 /* CustomTextField.swift */; };
/* End PBXBuildFile section */

/* Begin PBXFileReference section */
		AB4CDF64D7CD38B9465B3762 /* Pods_UpaxTest.framework */ = {isa = PBXFileReference; explicitFileType = wrapper.framework; includeInIndex = 0; path = Pods_UpaxTest.framework; sourceTree = BUILT_PRODUCTS_DIR; };
		B804FF5E296A917E00EAF3E6 /* FirebaseManager.swift */ = {isa = PBXFileReference; lastKnownFileType = sourcecode.swift; path = FirebaseManager.swift; sourceTree = "<group>"; };
		B804FF60296AA6B600EAF3E6 /* GoogleService-Info.plist */ = {isa = PBXFileReference; fileEncoding = 4; lastKnownFileType = text.plist.xml; path = "GoogleService-Info.plist"; sourceTree = "<group>"; };
		B804FF63296AA92E00EAF3E6 /* NetworkResult.swift */ = {isa = PBXFileReference; lastKnownFileType = sourcecode.swift; path = NetworkResult.swift; sourceTree = "<group>"; };
		B804FF66296AAFF300EAF3E6 /* UIViewController+AlertController.swift */ = {isa = PBXFileReference; lastKnownFileType = sourcecode.swift; path = "UIViewController+AlertController.swift"; sourceTree = "<group>"; };
		B804FF69296AB9CB00EAF3E6 /* RegisterRouter.swift */ = {isa = PBXFileReference; lastKnownFileType = sourcecode.swift; path = RegisterRouter.swift; sourceTree = "<group>"; };
		B804FF6B296ABA5600EAF3E6 /* HomeView.swift */ = {isa = PBXFileReference; lastKnownFileType = sourcecode.swift; path = HomeView.swift; sourceTree = "<group>"; };
		B804FF6D296ABAC500EAF3E6 /* RegisterInteractor.swift */ = {isa = PBXFileReference; lastKnownFileType = sourcecode.swift; path = RegisterInteractor.swift; sourceTree = "<group>"; };
		B804FF6F296ABBCA00EAF3E6 /* RegisterPresenter.swift */ = {isa = PBXFileReference; lastKnownFileType = sourcecode.swift; path = RegisterPresenter.swift; sourceTree = "<group>"; };
		B804FF71296ABC8500EAF3E6 /* RegisterView.swift */ = {isa = PBXFileReference; lastKnownFileType = sourcecode.swift; path = RegisterView.swift; sourceTree = "<group>"; };
		B804FF94296B3A8700EAF3E6 /* ImagePicker.swift */ = {isa = PBXFileReference; lastKnownFileType = sourcecode.swift; path = ImagePicker.swift; sourceTree = "<group>"; };
		B804FF96296B3B1F00EAF3E6 /* ImagePickerExtensions.swift */ = {isa = PBXFileReference; lastKnownFileType = sourcecode.swift; path = ImagePickerExtensions.swift; sourceTree = "<group>"; };
		B804FF98296B3B9C00EAF3E6 /* ImagePickerDelegate.swift */ = {isa = PBXFileReference; lastKnownFileType = sourcecode.swift; path = ImagePickerDelegate.swift; sourceTree = "<group>"; };
		B804FF9A296B4CDF00EAF3E6 /* Profile.swift */ = {isa = PBXFileReference; lastKnownFileType = sourcecode.swift; path = Profile.swift; sourceTree = "<group>"; };
		B804FF9D296B539F00EAF3E6 /* Defaults.swift */ = {isa = PBXFileReference; lastKnownFileType = sourcecode.swift; path = Defaults.swift; sourceTree = "<group>"; };
		B804FFA1296B641400EAF3E6 /* SplashRouter.swift */ = {isa = PBXFileReference; lastKnownFileType = sourcecode.swift; path = SplashRouter.swift; sourceTree = "<group>"; };
		B804FFA3296B649800EAF3E6 /* SplashPresenter.swift */ = {isa = PBXFileReference; lastKnownFileType = sourcecode.swift; path = SplashPresenter.swift; sourceTree = "<group>"; };
		B804FFA5296B64C100EAF3E6 /* SplashView.swift */ = {isa = PBXFileReference; lastKnownFileType = sourcecode.swift; path = SplashView.swift; sourceTree = "<group>"; };
		B804FFAA296B6D1100EAF3E6 /* TabBarRouter.swift */ = {isa = PBXFileReference; lastKnownFileType = sourcecode.swift; path = TabBarRouter.swift; sourceTree = "<group>"; };
		B804FFAC296B6D8600EAF3E6 /* TabBarPresenter.swift */ = {isa = PBXFileReference; lastKnownFileType = sourcecode.swift; path = TabBarPresenter.swift; sourceTree = "<group>"; };
		B804FFAE296B6E6500EAF3E6 /* TabBarView.swift */ = {isa = PBXFileReference; lastKnownFileType = sourcecode.swift; path = TabBarView.swift; sourceTree = "<group>"; };
		B8378636296B93AF008D628F /* UIView+Extensions.swift */ = {isa = PBXFileReference; lastKnownFileType = sourcecode.swift; path = "UIView+Extensions.swift"; sourceTree = "<group>"; };
		B8378639296B9591008D628F /* HomeRouter.swift */ = {isa = PBXFileReference; lastKnownFileType = sourcecode.swift; path = HomeRouter.swift; sourceTree = "<group>"; };
		B837863B296B95E0008D628F /* HomeInteractor.swift */ = {isa = PBXFileReference; lastKnownFileType = sourcecode.swift; path = HomeInteractor.swift; sourceTree = "<group>"; };
		B837863D296B965D008D628F /* HomePresenter.swift */ = {isa = PBXFileReference; lastKnownFileType = sourcecode.swift; path = HomePresenter.swift; sourceTree = "<group>"; };
		B837863F296B981F008D628F /* NetworkRouter.swift */ = {isa = PBXFileReference; lastKnownFileType = sourcecode.swift; path = NetworkRouter.swift; sourceTree = "<group>"; };
		B8378641296B98FF008D628F /* NetworkManager.swift */ = {isa = PBXFileReference; lastKnownFileType = sourcecode.swift; path = NetworkManager.swift; sourceTree = "<group>"; };
		B8378646296BA591008D628F /* ProductResponse.swift */ = {isa = PBXFileReference; lastKnownFileType = sourcecode.swift; path = ProductResponse.swift; sourceTree = "<group>"; };
		B8378649296BAAEE008D628F /* ProductCell.swift */ = {isa = PBXFileReference; lastKnownFileType = sourcecode.swift; path = ProductCell.swift; sourceTree = "<group>"; };
		B837864D296C010F008D628F /* InboxRouter.swift */ = {isa = PBXFileReference; lastKnownFileType = sourcecode.swift; path = InboxRouter.swift; sourceTree = "<group>"; };
		B837864F296C018A008D628F /* InboxInteractor.swift */ = {isa = PBXFileReference; lastKnownFileType = sourcecode.swift; path = InboxInteractor.swift; sourceTree = "<group>"; };
		B8378651296C0203008D628F /* InboxPresenter.swift */ = {isa = PBXFileReference; lastKnownFileType = sourcecode.swift; path = InboxPresenter.swift; sourceTree = "<group>"; };
		B8378653296C026B008D628F /* InboxView.swift */ = {isa = PBXFileReference; lastKnownFileType = sourcecode.swift; path = InboxView.swift; sourceTree = "<group>"; };
		B8378656296C04D3008D628F /* CommentResponse.swift */ = {isa = PBXFileReference; lastKnownFileType = sourcecode.swift; path = CommentResponse.swift; sourceTree = "<group>"; };
		B8378659296C06A6008D628F /* CommentCell.swift */ = {isa = PBXFileReference; lastKnownFileType = sourcecode.swift; path = CommentCell.swift; sourceTree = "<group>"; };
		B8381A8F296A44C60037B565 /* LoginRouter.swift */ = {isa = PBXFileReference; lastKnownFileType = sourcecode.swift; path = LoginRouter.swift; sourceTree = "<group>"; };
		B876D9C8296A134000405D42 /* UpaxTest.app */ = {isa = PBXFileReference; explicitFileType = wrapper.application; includeInIndex = 0; path = UpaxTest.app; sourceTree = BUILT_PRODUCTS_DIR; };
		B876D9CB296A134000405D42 /* AppDelegate.swift */ = {isa = PBXFileReference; lastKnownFileType = sourcecode.swift; path = AppDelegate.swift; sourceTree = "<group>"; };
		B876D9D4296A134200405D42 /* Assets.xcassets */ = {isa = PBXFileReference; lastKnownFileType = folder.assetcatalog; path = Assets.xcassets; sourceTree = "<group>"; };
		B876D9D7296A134200405D42 /* Base */ = {isa = PBXFileReference; lastKnownFileType = file.storyboard; name = Base; path = Base.lproj/LaunchScreen.storyboard; sourceTree = "<group>"; };
		B876D9D9296A134200405D42 /* Info.plist */ = {isa = PBXFileReference; lastKnownFileType = text.plist.xml; path = Info.plist; sourceTree = "<group>"; };
		B89C886F296A50DA002240C5 /* LoginPresenter.swift */ = {isa = PBXFileReference; lastKnownFileType = sourcecode.swift; path = LoginPresenter.swift; sourceTree = "<group>"; };
		B89C8871296A50F2002240C5 /* LoginInteractor.swift */ = {isa = PBXFileReference; lastKnownFileType = sourcecode.swift; path = LoginInteractor.swift; sourceTree = "<group>"; };
		B89C8878296A52D9002240C5 /* LoginView.swift */ = {isa = PBXFileReference; lastKnownFileType = sourcecode.swift; path = LoginView.swift; sourceTree = "<group>"; };
		B89C887C296A5A10002240C5 /* Content.swift */ = {isa = PBXFileReference; lastKnownFileType = sourcecode.swift; path = Content.swift; sourceTree = "<group>"; };
		B89C887E296A5AA5002240C5 /* ImageCatalog.swift */ = {isa = PBXFileReference; lastKnownFileType = sourcecode.swift; path = ImageCatalog.swift; sourceTree = "<group>"; };
		B89C8880296A5AC5002240C5 /* ColorCatalog.swift */ = {isa = PBXFileReference; lastKnownFileType = sourcecode.swift; path = ColorCatalog.swift; sourceTree = "<group>"; };
		B89C8882296A5AFA002240C5 /* CustomTextField.swift */ = {isa = PBXFileReference; lastKnownFileType = sourcecode.swift; path = CustomTextField.swift; sourceTree = "<group>"; };
		D60860DC6DCF504FBA05F636 /* Pods-UpaxTest.debug.xcconfig */ = {isa = PBXFileReference; includeInIndex = 1; lastKnownFileType = text.xcconfig; name = "Pods-UpaxTest.debug.xcconfig"; path = "Target Support Files/Pods-UpaxTest/Pods-UpaxTest.debug.xcconfig"; sourceTree = "<group>"; };
		EA755A27918A8605348D44EC /* Pods-UpaxTest.release.xcconfig */ = {isa = PBXFileReference; includeInIndex = 1; lastKnownFileType = text.xcconfig; name = "Pods-UpaxTest.release.xcconfig"; path = "Target Support Files/Pods-UpaxTest/Pods-UpaxTest.release.xcconfig"; sourceTree = "<group>"; };
/* End PBXFileReference section */

/* Begin PBXFrameworksBuildPhase section */
		B876D9C5296A134000405D42 /* Frameworks */ = {
			isa = PBXFrameworksBuildPhase;
			buildActionMask = 2147483647;
			files = (
				935EE722FB49C17D2F2F1C58 /* Pods_UpaxTest.framework in Frameworks */,
			);
			runOnlyForDeploymentPostprocessing = 0;
		};
/* End PBXFrameworksBuildPhase section */

/* Begin PBXGroup section */
		143AC24A9424DBA024621170 /* Pods */ = {
			isa = PBXGroup;
			children = (
				D60860DC6DCF504FBA05F636 /* Pods-UpaxTest.debug.xcconfig */,
				EA755A27918A8605348D44EC /* Pods-UpaxTest.release.xcconfig */,
			);
			path = Pods;
			sourceTree = "<group>";
		};
		24DA87B82BA7CA97658C4395 /* Frameworks */ = {
			isa = PBXGroup;
			children = (
				AB4CDF64D7CD38B9465B3762 /* Pods_UpaxTest.framework */,
			);
			name = Frameworks;
			sourceTree = "<group>";
		};
		B804FF5D296A916C00EAF3E6 /* Firebase */ = {
			isa = PBXGroup;
			children = (
				B804FF5E296A917E00EAF3E6 /* FirebaseManager.swift */,
			);
			path = Firebase;
			sourceTree = "<group>";
		};
		B804FF62296AA91200EAF3E6 /* NetworkManager */ = {
			isa = PBXGroup;
			children = (
				B804FF63296AA92E00EAF3E6 /* NetworkResult.swift */,
				B837863F296B981F008D628F /* NetworkRouter.swift */,
				B8378641296B98FF008D628F /* NetworkManager.swift */,
			);
			path = NetworkManager;
			sourceTree = "<group>";
		};
		B804FF65296AAFD600EAF3E6 /* Extensions */ = {
			isa = PBXGroup;
			children = (
				B804FF66296AAFF300EAF3E6 /* UIViewController+AlertController.swift */,
				B8378636296B93AF008D628F /* UIView+Extensions.swift */,
			);
			path = Extensions;
			sourceTree = "<group>";
		};
		B804FF68296AB99200EAF3E6 /* Register */ = {
			isa = PBXGroup;
			children = (
				B804FF69296AB9CB00EAF3E6 /* RegisterRouter.swift */,
				B804FF6D296ABAC500EAF3E6 /* RegisterInteractor.swift */,
				B804FF6F296ABBCA00EAF3E6 /* RegisterPresenter.swift */,
				B804FF71296ABC8500EAF3E6 /* RegisterView.swift */,
				B804FF9A296B4CDF00EAF3E6 /* Profile.swift */,
			);
			path = Register;
			sourceTree = "<group>";
		};
		B804FF93296B3A6F00EAF3E6 /* ImagePickerManager */ = {
			isa = PBXGroup;
			children = (
				B804FF94296B3A8700EAF3E6 /* ImagePicker.swift */,
				B804FF96296B3B1F00EAF3E6 /* ImagePickerExtensions.swift */,
				B804FF98296B3B9C00EAF3E6 /* ImagePickerDelegate.swift */,
			);
			path = ImagePickerManager;
			sourceTree = "<group>";
		};
		B804FF9C296B538C00EAF3E6 /* LocalStorage */ = {
			isa = PBXGroup;
			children = (
				B804FF9D296B539F00EAF3E6 /* Defaults.swift */,
			);
			path = LocalStorage;
			sourceTree = "<group>";
		};
		B804FF9F296B63EB00EAF3E6 /* Splash */ = {
			isa = PBXGroup;
			children = (
				B804FFA1296B641400EAF3E6 /* SplashRouter.swift */,
				B804FFA3296B649800EAF3E6 /* SplashPresenter.swift */,
				B804FFA5296B64C100EAF3E6 /* SplashView.swift */,
			);
			path = Splash;
			sourceTree = "<group>";
		};
		B804FFA7296B6C5F00EAF3E6 /* Modules */ = {
			isa = PBXGroup;
			children = (
				B837864C296C00F7008D628F /* Inbox */,
				B8378638296B9574008D628F /* Home */,
				B804FFA8296B6CD200EAF3E6 /* TabBar */,
				B804FF68296AB99200EAF3E6 /* Register */,
				B8381A8E296A447C0037B565 /* Login */,
				B804FF9F296B63EB00EAF3E6 /* Splash */,
			);
			path = Modules;
			sourceTree = "<group>";
		};
		B804FFA8296B6CD200EAF3E6 /* TabBar */ = {
			isa = PBXGroup;
			children = (
				B804FFAA296B6D1100EAF3E6 /* TabBarRouter.swift */,
				B804FFAC296B6D8600EAF3E6 /* TabBarPresenter.swift */,
				B804FFAE296B6E6500EAF3E6 /* TabBarView.swift */,
			);
			path = TabBar;
			sourceTree = "<group>";
		};
		B8378638296B9574008D628F /* Home */ = {
			isa = PBXGroup;
			children = (
				B8378648296BAAC8008D628F /* View */,
				B8378645296BA584008D628F /* Model */,
				B8378639296B9591008D628F /* HomeRouter.swift */,
				B837863B296B95E0008D628F /* HomeInteractor.swift */,
				B837863D296B965D008D628F /* HomePresenter.swift */,
			);
			path = Home;
			sourceTree = "<group>";
		};
		B8378645296BA584008D628F /* Model */ = {
			isa = PBXGroup;
			children = (
				B8378646296BA591008D628F /* ProductResponse.swift */,
			);
			path = Model;
			sourceTree = "<group>";
		};
		B8378648296BAAC8008D628F /* View */ = {
			isa = PBXGroup;
			children = (
				B804FF6B296ABA5600EAF3E6 /* HomeView.swift */,
				B8378649296BAAEE008D628F /* ProductCell.swift */,
			);
			path = View;
			sourceTree = "<group>";
		};
		B837864C296C00F7008D628F /* Inbox */ = {
			isa = PBXGroup;
			children = (
				B8378658296C068B008D628F /* View */,
				B8378655296C04BF008D628F /* Model */,
				B837864D296C010F008D628F /* InboxRouter.swift */,
				B837864F296C018A008D628F /* InboxInteractor.swift */,
				B8378651296C0203008D628F /* InboxPresenter.swift */,
			);
			path = Inbox;
			sourceTree = "<group>";
		};
		B8378655296C04BF008D628F /* Model */ = {
			isa = PBXGroup;
			children = (
				B8378656296C04D3008D628F /* CommentResponse.swift */,
			);
			path = Model;
			sourceTree = "<group>";
		};
		B8378658296C068B008D628F /* View */ = {
			isa = PBXGroup;
			children = (
				B8378653296C026B008D628F /* InboxView.swift */,
				B8378659296C06A6008D628F /* CommentCell.swift */,
			);
			path = View;
			sourceTree = "<group>";
		};
		B8381A8D296A446D0037B565 /* App */ = {
			isa = PBXGroup;
			children = (
				B876D9CB296A134000405D42 /* AppDelegate.swift */,
			);
			path = App;
			sourceTree = "<group>";
		};
		B8381A8E296A447C0037B565 /* Login */ = {
			isa = PBXGroup;
			children = (
				B89C886F296A50DA002240C5 /* LoginPresenter.swift */,
				B8381A8F296A44C60037B565 /* LoginRouter.swift */,
				B89C8871296A50F2002240C5 /* LoginInteractor.swift */,
				B89C8878296A52D9002240C5 /* LoginView.swift */,
			);
			path = Login;
			sourceTree = "<group>";
		};
		B876D9BF296A134000405D42 = {
			isa = PBXGroup;
			children = (
				B876D9CA296A134000405D42 /* UpaxTest */,
				B876D9C9296A134000405D42 /* Products */,
				143AC24A9424DBA024621170 /* Pods */,
				24DA87B82BA7CA97658C4395 /* Frameworks */,
			);
			sourceTree = "<group>";
		};
		B876D9C9296A134000405D42 /* Products */ = {
			isa = PBXGroup;
			children = (
				B876D9C8296A134000405D42 /* UpaxTest.app */,
			);
			name = Products;
			sourceTree = "<group>";
		};
		B876D9CA296A134000405D42 /* UpaxTest */ = {
			isa = PBXGroup;
			children = (
				B804FFA7296B6C5F00EAF3E6 /* Modules */,
				B804FF9C296B538C00EAF3E6 /* LocalStorage */,
				B804FF93296B3A6F00EAF3E6 /* ImagePickerManager */,
				B804FF62296AA91200EAF3E6 /* NetworkManager */,
				B804FF5D296A916C00EAF3E6 /* Firebase */,
				B89C887A296A59F8002240C5 /* Utils */,
				B8381A8D296A446D0037B565 /* App */,
				B876D9D4296A134200405D42 /* Assets.xcassets */,
				B876D9D6296A134200405D42 /* LaunchScreen.storyboard */,
				B804FF60296AA6B600EAF3E6 /* GoogleService-Info.plist */,
				B876D9D9296A134200405D42 /* Info.plist */,
			);
			path = UpaxTest;
			sourceTree = "<group>";
		};
		B89C887A296A59F8002240C5 /* Utils */ = {
			isa = PBXGroup;
			children = (
				B804FF65296AAFD600EAF3E6 /* Extensions */,
				B89C887B296A5A03002240C5 /* UI */,
			);
			path = Utils;
			sourceTree = "<group>";
		};
		B89C887B296A5A03002240C5 /* UI */ = {
			isa = PBXGroup;
			children = (
				B89C887C296A5A10002240C5 /* Content.swift */,
				B89C8882296A5AFA002240C5 /* CustomTextField.swift */,
				B89C887E296A5AA5002240C5 /* ImageCatalog.swift */,
				B89C8880296A5AC5002240C5 /* ColorCatalog.swift */,
			);
			path = UI;
			sourceTree = "<group>";
		};
/* End PBXGroup section */

/* Begin PBXNativeTarget section */
		B876D9C7296A134000405D42 /* UpaxTest */ = {
			isa = PBXNativeTarget;
			buildConfigurationList = B876D9DC296A134200405D42 /* Build configuration list for PBXNativeTarget "UpaxTest" */;
			buildPhases = (
				A04834DAC07E83CE53D6FA8A /* [CP] Check Pods Manifest.lock */,
				B876D9C4296A134000405D42 /* Sources */,
				B876D9C5296A134000405D42 /* Frameworks */,
				B876D9C6296A134000405D42 /* Resources */,
				D9F82A235A207A9D10E2BAA3 /* [CP] Embed Pods Frameworks */,
			);
			buildRules = (
			);
			dependencies = (
			);
			name = UpaxTest;
			productName = UpaxTest;
			productReference = B876D9C8296A134000405D42 /* UpaxTest.app */;
			productType = "com.apple.product-type.application";
		};
/* End PBXNativeTarget section */

/* Begin PBXProject section */
		B876D9C0296A134000405D42 /* Project object */ = {
			isa = PBXProject;
			attributes = {
				BuildIndependentTargetsInParallel = 1;
				LastSwiftUpdateCheck = 1410;
				LastUpgradeCheck = 1410;
				TargetAttributes = {
					B876D9C7296A134000405D42 = {
						CreatedOnToolsVersion = 14.1;
					};
				};
			};
			buildConfigurationList = B876D9C3296A134000405D42 /* Build configuration list for PBXProject "UpaxTest" */;
			compatibilityVersion = "Xcode 14.0";
			developmentRegion = en;
			hasScannedForEncodings = 0;
			knownRegions = (
				en,
				Base,
			);
			mainGroup = B876D9BF296A134000405D42;
			productRefGroup = B876D9C9296A134000405D42 /* Products */;
			projectDirPath = "";
			projectRoot = "";
			targets = (
				B876D9C7296A134000405D42 /* UpaxTest */,
			);
		};
/* End PBXProject section */

/* Begin PBXResourcesBuildPhase section */
		B876D9C6296A134000405D42 /* Resources */ = {
			isa = PBXResourcesBuildPhase;
			buildActionMask = 2147483647;
			files = (
				B876D9D8296A134200405D42 /* LaunchScreen.storyboard in Resources */,
				B876D9D5296A134200405D42 /* Assets.xcassets in Resources */,
				B804FF61296AA6B600EAF3E6 /* GoogleService-Info.plist in Resources */,
			);
			runOnlyForDeploymentPostprocessing = 0;
		};
/* End PBXResourcesBuildPhase section */

/* Begin PBXShellScriptBuildPhase section */
		A04834DAC07E83CE53D6FA8A /* [CP] Check Pods Manifest.lock */ = {
			isa = PBXShellScriptBuildPhase;
			buildActionMask = 2147483647;
			files = (
			);
			inputFileListPaths = (
			);
			inputPaths = (
				"${PODS_PODFILE_DIR_PATH}/Podfile.lock",
				"${PODS_ROOT}/Manifest.lock",
			);
			name = "[CP] Check Pods Manifest.lock";
			outputFileListPaths = (
			);
			outputPaths = (
				"$(DERIVED_FILE_DIR)/Pods-UpaxTest-checkManifestLockResult.txt",
			);
			runOnlyForDeploymentPostprocessing = 0;
			shellPath = /bin/sh;
			shellScript = "diff \"${PODS_PODFILE_DIR_PATH}/Podfile.lock\" \"${PODS_ROOT}/Manifest.lock\" > /dev/null\nif [ $? != 0 ] ; then\n    # print error to STDERR\n    echo \"error: The sandbox is not in sync with the Podfile.lock. Run 'pod install' or update your CocoaPods installation.\" >&2\n    exit 1\nfi\n# This output is used by Xcode 'outputs' to avoid re-running this script phase.\necho \"SUCCESS\" > \"${SCRIPT_OUTPUT_FILE_0}\"\n";
			showEnvVarsInLog = 0;
		};
		D9F82A235A207A9D10E2BAA3 /* [CP] Embed Pods Frameworks */ = {
			isa = PBXShellScriptBuildPhase;
			buildActionMask = 2147483647;
			files = (
			);
			inputFileListPaths = (
				"${PODS_ROOT}/Target Support Files/Pods-UpaxTest/Pods-UpaxTest-frameworks-${CONFIGURATION}-input-files.xcfilelist",
			);
			name = "[CP] Embed Pods Frameworks";
			outputFileListPaths = (
				"${PODS_ROOT}/Target Support Files/Pods-UpaxTest/Pods-UpaxTest-frameworks-${CONFIGURATION}-output-files.xcfilelist",
			);
			runOnlyForDeploymentPostprocessing = 0;
			shellPath = /bin/sh;
			shellScript = "\"${PODS_ROOT}/Target Support Files/Pods-UpaxTest/Pods-UpaxTest-frameworks.sh\"\n";
			showEnvVarsInLog = 0;
		};
/* End PBXShellScriptBuildPhase section */

/* Begin PBXSourcesBuildPhase section */
		B876D9C4296A134000405D42 /* Sources */ = {
			isa = PBXSourcesBuildPhase;
			buildActionMask = 2147483647;
			files = (
				B89C8870296A50DA002240C5 /* LoginPresenter.swift in Sources */,
				B804FF6C296ABA5600EAF3E6 /* HomeView.swift in Sources */,
				B804FFAF296B6E6500EAF3E6 /* TabBarView.swift in Sources */,
				B804FFA6296B64C100EAF3E6 /* SplashView.swift in Sources */,
				B804FF67296AAFF300EAF3E6 /* UIViewController+AlertController.swift in Sources */,
				B8378650296C018A008D628F /* InboxInteractor.swift in Sources */,
				B804FF95296B3A8700EAF3E6 /* ImagePicker.swift in Sources */,
				B8378647296BA591008D628F /* ProductResponse.swift in Sources */,
				B804FF99296B3B9C00EAF3E6 /* ImagePickerDelegate.swift in Sources */,
				B8378657296C04D3008D628F /* CommentResponse.swift in Sources */,
				B89C887D296A5A10002240C5 /* Content.swift in Sources */,
				B804FF64296AA92E00EAF3E6 /* NetworkResult.swift in Sources */,
				B804FF5F296A917E00EAF3E6 /* FirebaseManager.swift in Sources */,
				B8378642296B98FF008D628F /* NetworkManager.swift in Sources */,
				B837863C296B95E0008D628F /* HomeInteractor.swift in Sources */,
				B804FF6E296ABAC500EAF3E6 /* RegisterInteractor.swift in Sources */,
				B89C887F296A5AA5002240C5 /* ImageCatalog.swift in Sources */,
				B804FF9B296B4CDF00EAF3E6 /* Profile.swift in Sources */,
				B804FFA4296B649800EAF3E6 /* SplashPresenter.swift in Sources */,
				B837863E296B965D008D628F /* HomePresenter.swift in Sources */,
				B804FF72296ABC8500EAF3E6 /* RegisterView.swift in Sources */,
				B89C8883296A5AFA002240C5 /* CustomTextField.swift in Sources */,
				B804FF97296B3B1F00EAF3E6 /* ImagePickerExtensions.swift in Sources */,
				B804FFA2296B641400EAF3E6 /* SplashRouter.swift in Sources */,
				B804FFAD296B6D8600EAF3E6 /* TabBarPresenter.swift in Sources */,
				B837863A296B9591008D628F /* HomeRouter.swift in Sources */,
				B876D9CC296A134000405D42 /* AppDelegate.swift in Sources */,
				B837864E296C010F008D628F /* InboxRouter.swift in Sources */,
				B8378640296B981F008D628F /* NetworkRouter.swift in Sources */,
				B804FFAB296B6D1100EAF3E6 /* TabBarRouter.swift in Sources */,
				B89C8872296A50F2002240C5 /* LoginInteractor.swift in Sources */,
				B89C8879296A52D9002240C5 /* LoginView.swift in Sources */,
				B8378637296B93AF008D628F /* UIView+Extensions.swift in Sources */,
				B89C8881296A5AC5002240C5 /* ColorCatalog.swift in Sources */,
				B804FF6A296AB9CB00EAF3E6 /* RegisterRouter.swift in Sources */,
				B8381A90296A44C60037B565 /* LoginRouter.swift in Sources */,
				B8378652296C0203008D628F /* InboxPresenter.swift in Sources */,
				B837864A296BAAEE008D628F /* ProductCell.swift in Sources */,
				B8378654296C026B008D628F /* InboxView.swift in Sources */,
				B804FF70296ABBCA00EAF3E6 /* RegisterPresenter.swift in Sources */,
				B804FF9E296B539F00EAF3E6 /* Defaults.swift in Sources */,
				B837865A296C06A6008D628F /* CommentCell.swift in Sources */,
			);
			runOnlyForDeploymentPostprocessing = 0;
		};
/* End PBXSourcesBuildPhase section */

/* Begin PBXVariantGroup section */
		B876D9D6296A134200405D42 /* LaunchScreen.storyboard */ = {
			isa = PBXVariantGroup;
			children = (
				B876D9D7296A134200405D42 /* Base */,
			);
			name = LaunchScreen.storyboard;
			sourceTree = "<group>";
		};
/* End PBXVariantGroup section */

/* Begin XCBuildConfiguration section */
		B876D9DA296A134200405D42 /* Debug */ = {
			isa = XCBuildConfiguration;
			buildSettings = {
				ALWAYS_SEARCH_USER_PATHS = NO;
				CLANG_ANALYZER_NONNULL = YES;
				CLANG_ANALYZER_NUMBER_OBJECT_CONVERSION = YES_AGGRESSIVE;
				CLANG_CXX_LANGUAGE_STANDARD = "gnu++20";
				CLANG_ENABLE_MODULES = YES;
				CLANG_ENABLE_OBJC_ARC = YES;
				CLANG_ENABLE_OBJC_WEAK = YES;
				CLANG_WARN_BLOCK_CAPTURE_AUTORELEASING = YES;
				CLANG_WARN_BOOL_CONVERSION = YES;
				CLANG_WARN_COMMA = YES;
				CLANG_WARN_CONSTANT_CONVERSION = YES;
				CLANG_WARN_DEPRECATED_OBJC_IMPLEMENTATIONS = YES;
				CLANG_WARN_DIRECT_OBJC_ISA_USAGE = YES_ERROR;
				CLANG_WARN_DOCUMENTATION_COMMENTS = YES;
				CLANG_WARN_EMPTY_BODY = YES;
				CLANG_WARN_ENUM_CONVERSION = YES;
				CLANG_WARN_INFINITE_RECURSION = YES;
				CLANG_WARN_INT_CONVERSION = YES;
				CLANG_WARN_NON_LITERAL_NULL_CONVERSION = YES;
				CLANG_WARN_OBJC_IMPLICIT_RETAIN_SELF = YES;
				CLANG_WARN_OBJC_LITERAL_CONVERSION = YES;
				CLANG_WARN_OBJC_ROOT_CLASS = YES_ERROR;
				CLANG_WARN_QUOTED_INCLUDE_IN_FRAMEWORK_HEADER = YES;
				CLANG_WARN_RANGE_LOOP_ANALYSIS = YES;
				CLANG_WARN_STRICT_PROTOTYPES = YES;
				CLANG_WARN_SUSPICIOUS_MOVE = YES;
				CLANG_WARN_UNGUARDED_AVAILABILITY = YES_AGGRESSIVE;
				CLANG_WARN_UNREACHABLE_CODE = YES;
				CLANG_WARN__DUPLICATE_METHOD_MATCH = YES;
				COPY_PHASE_STRIP = NO;
				DEBUG_INFORMATION_FORMAT = dwarf;
				ENABLE_STRICT_OBJC_MSGSEND = YES;
				ENABLE_TESTABILITY = YES;
				GCC_C_LANGUAGE_STANDARD = gnu11;
				GCC_DYNAMIC_NO_PIC = NO;
				GCC_NO_COMMON_BLOCKS = YES;
				GCC_OPTIMIZATION_LEVEL = 0;
				GCC_PREPROCESSOR_DEFINITIONS = (
					"DEBUG=1",
					"$(inherited)",
				);
				GCC_WARN_64_TO_32_BIT_CONVERSION = YES;
				GCC_WARN_ABOUT_RETURN_TYPE = YES_ERROR;
				GCC_WARN_UNDECLARED_SELECTOR = YES;
				GCC_WARN_UNINITIALIZED_AUTOS = YES_AGGRESSIVE;
				GCC_WARN_UNUSED_FUNCTION = YES;
				GCC_WARN_UNUSED_VARIABLE = YES;
				IPHONEOS_DEPLOYMENT_TARGET = 11.0;
				MTL_ENABLE_DEBUG_INFO = INCLUDE_SOURCE;
				MTL_FAST_MATH = YES;
				ONLY_ACTIVE_ARCH = YES;
				SDKROOT = iphoneos;
				SWIFT_ACTIVE_COMPILATION_CONDITIONS = DEBUG;
				SWIFT_OPTIMIZATION_LEVEL = "-Onone";
			};
			name = Debug;
		};
		B876D9DB296A134200405D42 /* Release */ = {
			isa = XCBuildConfiguration;
			buildSettings = {
				ALWAYS_SEARCH_USER_PATHS = NO;
				CLANG_ANALYZER_NONNULL = YES;
				CLANG_ANALYZER_NUMBER_OBJECT_CONVERSION = YES_AGGRESSIVE;
				CLANG_CXX_LANGUAGE_STANDARD = "gnu++20";
				CLANG_ENABLE_MODULES = YES;
				CLANG_ENABLE_OBJC_ARC = YES;
				CLANG_ENABLE_OBJC_WEAK = YES;
				CLANG_WARN_BLOCK_CAPTURE_AUTORELEASING = YES;
				CLANG_WARN_BOOL_CONVERSION = YES;
				CLANG_WARN_COMMA = YES;
				CLANG_WARN_CONSTANT_CONVERSION = YES;
				CLANG_WARN_DEPRECATED_OBJC_IMPLEMENTATIONS = YES;
				CLANG_WARN_DIRECT_OBJC_ISA_USAGE = YES_ERROR;
				CLANG_WARN_DOCUMENTATION_COMMENTS = YES;
				CLANG_WARN_EMPTY_BODY = YES;
				CLANG_WARN_ENUM_CONVERSION = YES;
				CLANG_WARN_INFINITE_RECURSION = YES;
				CLANG_WARN_INT_CONVERSION = YES;
				CLANG_WARN_NON_LITERAL_NULL_CONVERSION = YES;
				CLANG_WARN_OBJC_IMPLICIT_RETAIN_SELF = YES;
				CLANG_WARN_OBJC_LITERAL_CONVERSION = YES;
				CLANG_WARN_OBJC_ROOT_CLASS = YES_ERROR;
				CLANG_WARN_QUOTED_INCLUDE_IN_FRAMEWORK_HEADER = YES;
				CLANG_WARN_RANGE_LOOP_ANALYSIS = YES;
				CLANG_WARN_STRICT_PROTOTYPES = YES;
				CLANG_WARN_SUSPICIOUS_MOVE = YES;
				CLANG_WARN_UNGUARDED_AVAILABILITY = YES_AGGRESSIVE;
				CLANG_WARN_UNREACHABLE_CODE = YES;
				CLANG_WARN__DUPLICATE_METHOD_MATCH = YES;
				COPY_PHASE_STRIP = NO;
				DEBUG_INFORMATION_FORMAT = "dwarf-with-dsym";
				ENABLE_NS_ASSERTIONS = NO;
				ENABLE_STRICT_OBJC_MSGSEND = YES;
				GCC_C_LANGUAGE_STANDARD = gnu11;
				GCC_NO_COMMON_BLOCKS = YES;
				GCC_WARN_64_TO_32_BIT_CONVERSION = YES;
				GCC_WARN_ABOUT_RETURN_TYPE = YES_ERROR;
				GCC_WARN_UNDECLARED_SELECTOR = YES;
				GCC_WARN_UNINITIALIZED_AUTOS = YES_AGGRESSIVE;
				GCC_WARN_UNUSED_FUNCTION = YES;
				GCC_WARN_UNUSED_VARIABLE = YES;
				IPHONEOS_DEPLOYMENT_TARGET = 11.0;
				MTL_ENABLE_DEBUG_INFO = NO;
				MTL_FAST_MATH = YES;
				SDKROOT = iphoneos;
				SWIFT_COMPILATION_MODE = wholemodule;
				SWIFT_OPTIMIZATION_LEVEL = "-O";
				VALIDATE_PRODUCT = YES;
			};
			name = Release;
		};
		B876D9DD296A134200405D42 /* Debug */ = {
			isa = XCBuildConfiguration;
			baseConfigurationReference = D60860DC6DCF504FBA05F636 /* Pods-UpaxTest.debug.xcconfig */;
			buildSettings = {
				ASSETCATALOG_COMPILER_APPICON_NAME = AppIcon;
				ASSETCATALOG_COMPILER_GLOBAL_ACCENT_COLOR_NAME = AccentColor;
				CODE_SIGN_STYLE = Automatic;
				CURRENT_PROJECT_VERSION = 1;
				DEVELOPMENT_TEAM = 6K7VRQC2P5;
				GENERATE_INFOPLIST_FILE = YES;
				INFOPLIST_FILE = UpaxTest/Info.plist;
				INFOPLIST_KEY_NSAppleMusicUsageDescription = "Please allow the media library usage";
				INFOPLIST_KEY_NSCameraUsageDescription = "Please allow the camera usage";
				INFOPLIST_KEY_UIApplicationSupportsIndirectInputEvents = YES;
				INFOPLIST_KEY_UILaunchStoryboardName = LaunchScreen;
				INFOPLIST_KEY_UISupportedInterfaceOrientations_iPad = "UIInterfaceOrientationPortrait UIInterfaceOrientationPortraitUpsideDown UIInterfaceOrientationLandscapeLeft UIInterfaceOrientationLandscapeRight";
				INFOPLIST_KEY_UISupportedInterfaceOrientations_iPhone = "UIInterfaceOrientationPortrait UIInterfaceOrientationLandscapeLeft UIInterfaceOrientationLandscapeRight";
				IPHONEOS_DEPLOYMENT_TARGET = 11.0;
				LD_RUNPATH_SEARCH_PATHS = (
					"$(inherited)",
					"@executable_path/Frameworks",
				);
				MARKETING_VERSION = 1.0;
				PRODUCT_BUNDLE_IDENTIFIER = aldaDev.UpaxTest;
				PRODUCT_NAME = "$(TARGET_NAME)";
				SWIFT_EMIT_LOC_STRINGS = YES;
				SWIFT_VERSION = 5.0;
				TARGETED_DEVICE_FAMILY = "1,2";
			};
			name = Debug;
		};
		B876D9DE296A134200405D42 /* Release */ = {
			isa = XCBuildConfiguration;
			baseConfigurationReference = EA755A27918A8605348D44EC /* Pods-UpaxTest.release.xcconfig */;
			buildSettings = {
				ASSETCATALOG_COMPILER_APPICON_NAME = AppIcon;
				ASSETCATALOG_COMPILER_GLOBAL_ACCENT_COLOR_NAME = AccentColor;
				CODE_SIGN_STYLE = Automatic;
				CURRENT_PROJECT_VERSION = 1;
				DEVELOPMENT_TEAM = 6K7VRQC2P5;
				GENERATE_INFOPLIST_FILE = YES;
				INFOPLIST_FILE = UpaxTest/Info.plist;
				INFOPLIST_KEY_NSAppleMusicUsageDescription = "Please allow the media library usage";
				INFOPLIST_KEY_NSCameraUsageDescription = "Please allow the camera usage";
				INFOPLIST_KEY_UIApplicationSupportsIndirectInputEvents = YES;
				INFOPLIST_KEY_UILaunchStoryboardName = LaunchScreen;
				INFOPLIST_KEY_UISupportedInterfaceOrientations_iPad = "UIInterfaceOrientationPortrait UIInterfaceOrientationPortraitUpsideDown UIInterfaceOrientationLandscapeLeft UIInterfaceOrientationLandscapeRight";
				INFOPLIST_KEY_UISupportedInterfaceOrientations_iPhone = "UIInterfaceOrientationPortrait UIInterfaceOrientationLandscapeLeft UIInterfaceOrientationLandscapeRight";
				IPHONEOS_DEPLOYMENT_TARGET = 11.0;
				LD_RUNPATH_SEARCH_PATHS = (
					"$(inherited)",
					"@executable_path/Frameworks",
				);
				MARKETING_VERSION = 1.0;
				PRODUCT_BUNDLE_IDENTIFIER = aldaDev.UpaxTest;
				PRODUCT_NAME = "$(TARGET_NAME)";
				SWIFT_EMIT_LOC_STRINGS = YES;
				SWIFT_VERSION = 5.0;
				TARGETED_DEVICE_FAMILY = "1,2";
			};
			name = Release;
		};
/* End XCBuildConfiguration section */

/* Begin XCConfigurationList section */
		B876D9C3296A134000405D42 /* Build configuration list for PBXProject "UpaxTest" */ = {
			isa = XCConfigurationList;
			buildConfigurations = (
				B876D9DA296A134200405D42 /* Debug */,
				B876D9DB296A134200405D42 /* Release */,
			);
			defaultConfigurationIsVisible = 0;
			defaultConfigurationName = Release;
		};
		B876D9DC296A134200405D42 /* Build configuration list for PBXNativeTarget "UpaxTest" */ = {
			isa = XCConfigurationList;
			buildConfigurations = (
				B876D9DD296A134200405D42 /* Debug */,
				B876D9DE296A134200405D42 /* Release */,
			);
			defaultConfigurationIsVisible = 0;
			defaultConfigurationName = Release;
		};
/* End XCConfigurationList section */
	};
	rootObject = B876D9C0296A134000405D42 /* Project object */;
}
